
Microsoft Visual Studio Solution File, Format Version 12.00
# Visual Studio 15
VisualStudioVersion = 15.0.28307.705
MinimumVisualStudioVersion = 10.0.40219.1
Project("{FAE04EC0-301F-11D3-BF4B-00C04F79EFBC}") = "APITeste", "APITeste\APITeste.csproj", "{EFDF284D-A17E-413E-94B6-168B38D1E0F4}"
EndProject
Project("{2150E333-8FDC-42A3-9474-1A3956D46DE8}") = "1-API", "1-API", "{D0316047-C31B-4E88-9786-7983C75C54E8}"
EndProject
Project("{2150E333-8FDC-42A3-9474-1A3956D46DE8}") = "2-INFRA", "2-INFRA", "{56C7B44B-F5CB-405C-A9C9-D56D24E2D718}"
EndProject
Project("{FAE04EC0-301F-11D3-BF4B-00C04F79EFBC}") = "InfraTeste", "InfraTeste\InfraTeste.csproj", "{0205C8EB-F0A4-48E8-8EED-CD18C69B1324}"
EndProject
Global
	GlobalSection(SolutionConfigurationPlatforms) = preSolution
		Debug|Any CPU = Debug|Any CPU
		Release|Any CPU = Release|Any CPU
	EndGlobalSection
	GlobalSection(ProjectConfigurationPlatforms) = postSolution
		{EFDF284D-A17E-413E-94B6-168B38D1E0F4}.Debug|Any CPU.ActiveCfg = Debug|Any CPU
		{EFDF284D-A17E-413E-94B6-168B38D1E0F4}.Debug|Any CPU.Build.0 = Debug|Any CPU
		{EFDF284D-A17E-413E-94B6-168B38D1E0F4}.Release|Any CPU.ActiveCfg = Release|Any CPU
		{EFDF284D-A17E-413E-94B6-168B38D1E0F4}.Release|Any CPU.Build.0 = Release|Any CPU
		{0205C8EB-F0A4-48E8-8EED-CD18C69B1324}.Debug|Any CPU.ActiveCfg = Debug|Any CPU
		{0205C8EB-F0A4-48E8-8EED-CD18C69B1324}.Debug|Any CPU.Build.0 = Debug|Any CPU
		{0205C8EB-F0A4-48E8-8EED-CD18C69B1324}.Release|Any CPU.ActiveCfg = Release|Any CPU
		{0205C8EB-F0A4-48E8-8EED-CD18C69B1324}.Release|Any CPU.Build.0 = Release|Any CPU
	EndGlobalSection
	GlobalSection(SolutionProperties) = preSolution
		HideSolutionNode = FALSE
	EndGlobalSection
	GlobalSection(NestedProjects) = preSolution
		{EFDF284D-A17E-413E-94B6-168B38D1E0F4} = {D0316047-C31B-4E88-9786-7983C75C54E8}
		{0205C8EB-F0A4-48E8-8EED-CD18C69B1324} = {56C7B44B-F5CB-405C-A9C9-D56D24E2D718}
	EndGlobalSection
	GlobalSection(ExtensibilityGlobals) = postSolution
		SolutionGuid = {A301B665-669E-4513-8817-064E40AFE7A8}
	EndGlobalSection
EndGlobal
